
Microsoft Visual Studio Solution File, Format Version 12.00
# Visual Studio Version 17
VisualStudioVersion = 17.3.32929.385
MinimumVisualStudioVersion = 10.0.40219.1
Project("{FAE04EC0-301F-11D3-BF4B-00C04F79EFBC}") = "MappingConsole", "MappingConsole\MappingConsole.csproj", "{C4212804-9501-4856-9991-A135BAA12EB2}"
EndProject
Global
	GlobalSection(SolutionConfigurationPlatforms) = preSolution
		Debug|Any CPU = Debug|Any CPU
		Release|Any CPU = Release|Any CPU
	EndGlobalSection
	GlobalSection(ProjectConfigurationPlatforms) = postSolution
		{C4212804-9501-4856-9991-A135BAA12EB2}.Debug|Any CPU.ActiveCfg = Debug|Any CPU
		{C4212804-9501-4856-9991-A135BAA12EB2}.Debug|Any CPU.Build.0 = Debug|Any CPU
		{C4212804-9501-4856-9991-A135BAA12EB2}.Release|Any CPU.ActiveCfg = Release|Any CPU
		{C4212804-9501-4856-9991-A135BAA12EB2}.Release|Any CPU.Build.0 = Release|Any CPU
	EndGlobalSection
	GlobalSection(SolutionProperties) = preSolution
		HideSolutionNode = FALSE
	EndGlobalSection
	GlobalSection(ExtensibilityGlobals) = postSolution
		SolutionGuid = {413364E4-152C-4AF6-88C0-C9CD23192F7D}
	EndGlobalSection
EndGlobal
